# THIS IS AN AUTOGENERATED FILE. DO NOT EDIT THIS FILE DIRECTLY.
# yarn lockfile v1


"@types/archiver@^3.1.1":
  version "3.1.1"
  resolved "https://registry.yarnpkg.com/@types/archiver/-/archiver-3.1.1.tgz#10cc1be44af8911e57484342c7b3b32a5f178a1a"
  integrity sha512-TzVZ9204sH1TuFylfr1cw/AA/3/VldAAXswEwKLXUOzA9mDg+m6gHF9EaqKNlozcjc6knX5m1KAqJzksPLSEfw==
  dependencies:
    "@types/glob" "*"

"@types/deep-equal@^1.0.1":
  version "1.0.1"
  resolved "https://registry.yarnpkg.com/@types/deep-equal/-/deep-equal-1.0.1.tgz#71cfabb247c22bcc16d536111f50c0ed12476b03"
  integrity sha512-mMUu4nWHLBlHtxXY17Fg6+ucS/MnndyOWyOe7MmwkoMYxvfQU2ajtRaEvqSUv+aVkMqH/C0NCI8UoVfRNQ10yg==

"@types/glob@*":
  version "7.1.3"
  resolved "https://registry.yarnpkg.com/@types/glob/-/glob-7.1.3.tgz#e6ba80f36b7daad2c685acd9266382e68985c183"
  integrity sha512-SEYeGAIQIQX8NN6LDKprLjbrd5dARM5EXsd8GI/A5l0apYI1fGMWgPHSe4ZKL4eozlAyI+doUE9XbYS4xCkQ1w==
  dependencies:
    "@types/minimatch" "*"
    "@types/node" "*"

"@types/minimatch@*":
  version "3.0.3"
  resolved "https://registry.yarnpkg.com/@types/minimatch/-/minimatch-3.0.3.tgz#3dca0e3f33b200fc7d1139c0cd96c1268cadfd9d"
  integrity sha512-tHq6qdbT9U1IRSGf14CL0pUlULksvY9OZ+5eEgl1N7t+OA3tGvNpxJCzuKQlsNgCVwbAs670L1vcVQi8j9HjnA==

"@types/mui-datatables@^3.4.1":
  version "3.4.1"
  resolved "https://registry.yarnpkg.com/@types/mui-datatables/-/mui-datatables-3.4.1.tgz#a5b0e178f29045e11b8e023f96953353a31decac"
  integrity sha512-aD9HYlNaIhRwGzZd60xnl4am0Ka8dqaA71Hb4t4lxDftelQ/4URCFr1Ftk2igNAx4im7u7Ivuc6qp6X713dfVg==
  dependencies:
    "@types/react" "*"

"@types/node@*":
  version "14.14.6"
  resolved "https://registry.yarnpkg.com/@types/node/-/node-14.14.6.tgz#146d3da57b3c636cc0d1769396ce1cfa8991147f"
  integrity sha512-6QlRuqsQ/Ox/aJEQWBEJG7A9+u7oSYl3mem/K8IzxXG/kAGbV1YPD9Bg9Zw3vyxC/YP+zONKwy8hGkSt1jxFMw==

"@types/pdfjs-dist@*":
  version "2.1.5"
  resolved "https://registry.yarnpkg.com/@types/pdfjs-dist/-/pdfjs-dist-2.1.5.tgz#98d7c8796919828bbdcdf364ca6bf82105b9246e"
  integrity sha512-/vs9nLI/BYNo1pobKR5oEucEEcMgd8Mx1nByPNR3QhTboBwdDreQ0fHYXrGRtK3cShDDrVdApL0KhMckMuKSHw==

"@types/prop-types@*":
  version "15.7.3"
  resolved "https://registry.yarnpkg.com/@types/prop-types/-/prop-types-15.7.3.tgz#2ab0d5da2e5815f94b0b9d4b95d1e5f243ab2ca7"
  integrity sha512-KfRL3PuHmqQLOG+2tGpRO26Ctg+Cq1E01D2DMriKEATHgWLfeNDmq9e29Q9WIky0dQ3NPkd1mzYH8Lm936Z9qw==

"@types/react-pdf@^4.0.6":
  version "4.0.6"
  resolved "https://registry.yarnpkg.com/@types/react-pdf/-/react-pdf-4.0.6.tgz#cc96357d87ca72e21d8d4caec5956c62a3990abc"
  integrity sha512-ZmtUA31L5AaF9PilB8cJ3PuGOHIiyWcHnCir7KOux1cDjfVH6VxiN/j7CcyX98U9hwlyN81bkqxeNWNuEc0a4w==
  dependencies:
    "@types/pdfjs-dist" "*"
    "@types/react" "*"

"@types/react-virtualized@^9.21.10":
  version "9.21.10"
  resolved "https://registry.yarnpkg.com/@types/react-virtualized/-/react-virtualized-9.21.10.tgz#cd072dc9c889291ace2c4c9de8e8c050da8738b7"
  integrity sha512-f5Ti3A7gGdLkPPFNHTrvKblpsPNBiQoSorOEOD+JPx72g/Ng2lOt4MYfhvQFQNgyIrAro+Z643jbcKafsMW2ag==
  dependencies:
    "@types/prop-types" "*"
    "@types/react" "*"

"@types/react@*":
  version "16.9.51"
  resolved "https://registry.yarnpkg.com/@types/react/-/react-16.9.51.tgz#f8aa51ffa9996f1387f63686696d9b59713d2b60"
  integrity sha512-lQa12IyO+DMlnSZ3+AGHRUiUcpK47aakMMoBG8f7HGxJT8Yfe+WE128HIXaHOHVPReAW0oDS3KAI0JI2DDe1PQ==
  dependencies:
    "@types/prop-types" "*"
    csstype "^3.0.2"

"@types/semver@^7.3.1":
  version "7.3.4"
  resolved "https://registry.yarnpkg.com/@types/semver/-/semver-7.3.4.tgz#43d7168fec6fa0988bb1a513a697b29296721afb"
  integrity sha512-+nVsLKlcUCeMzD2ufHEYuJ9a2ovstb6Dp52A5VsoKxDXgvE051XgHI/33I1EymwkRGQkwnA0LkhnUzituGs4EQ==

"@types/setimmediate@^1.0.2":
  version "1.0.2"
  resolved "https://registry.yarnpkg.com/@types/setimmediate/-/setimmediate-1.0.2.tgz#021a36f2cae266be8180a5b2aa233cd5884b5721"
  integrity sha512-JHonWbepiR1pwiYVz2rOK4mWrhlUcrJQaOSaq4VYlfuhLrPlY1EayGjt0tXemCr8eBdVzvLeYejRCb/0Z/XuiQ==

argparse@^1.0.7:
  version "1.0.10"
  resolved "https://registry.yarnpkg.com/argparse/-/argparse-1.0.10.tgz#bcd6791ea5ae09725e17e5ad988134cd40b3d911"
  integrity sha512-o5Roy6tNG4SL/FOkCAN6RzjiakZS25RLYFrcMttJqbdd8BWrnA+fGz57iN5Pb06pvBGvl5gQ0B48dJlslXvoTg==
  dependencies:
    sprintf-js "~1.0.2"

at-least-node@^1.0.0:
  version "1.0.0"
  resolved "https://registry.yarnpkg.com/at-least-node/-/at-least-node-1.0.0.tgz#602cd4b46e844ad4effc92a8011a3c46e0238dc2"
  integrity sha512-+q/t7Ekv1EDY2l6Gda6LLiX14rU9TV20Wa3ofeQmwPFZbOMo9DXrLbOjFaaclkXKWidIaopwAObQDqwWtGUjqg==

builder-util-runtime@8.7.2:
  version "8.7.2"
  resolved "https://registry.yarnpkg.com/builder-util-runtime/-/builder-util-runtime-8.7.2.tgz#d93afc71428a12789b437e13850e1fa7da956d72"
  integrity sha512-xBqv+8bg6cfnzAQK1k3OGpfaHg+QkPgIgpEkXNhouZ0WiUkyZCftuRc2LYzQrLucFywpa14Xbc6+hTbpq83yRA==
  dependencies:
    debug "^4.1.1"
    sax "^1.2.4"

csstype@^3.0.2:
  version "3.0.3"
  resolved "https://registry.yarnpkg.com/csstype/-/csstype-3.0.3.tgz#2b410bbeba38ba9633353aff34b05d9755d065f8"
  integrity sha512-jPl+wbWPOWJ7SXsWyqGRk3lGecbar0Cb0OvZF/r/ZU011R4YqiRehgkQ9p4eQfo9DSDLqLL3wHwfxeJiuIsNag==

debug@^4.1.1:
  version "4.3.1"
  resolved "https://registry.yarnpkg.com/debug/-/debug-4.3.1.tgz#f0d229c505e0c6d8c49ac553d1b13dc183f6b2ee"
  integrity sha512-doEwdvm4PCeK4K3RQN2ZC2BYUBaxwLARCqZmMjtF8a51J2Rb0xpVloFRnCODwqjpwnAoao4pelN8l3RJdv3gRQ==
  dependencies:
    ms "2.1.2"

electron-updater@^4.3.4:
  version "4.3.5"
  resolved "https://registry.yarnpkg.com/electron-updater/-/electron-updater-4.3.5.tgz#4fb36f593a031c87ea07ee141c9f064d5deffb15"
  integrity sha512-5jjN7ebvfj1cLI0VZMdCnJk6aC4bP+dy7ryBf21vArR0JzpRVk0OZHA2QBD+H5rm6ZSeDYHOY6+8PrMEqJ4wlQ==
  dependencies:
    "@types/semver" "^7.3.1"
    builder-util-runtime "8.7.2"
    fs-extra "^9.0.1"
    js-yaml "^3.14.0"
    lazy-val "^1.0.4"
    lodash.isequal "^4.5.0"
    semver "^7.3.2"

esprima@^4.0.0:
  version "4.0.1"
  resolved "https://registry.yarnpkg.com/esprima/-/esprima-4.0.1.tgz#13b04cdb3e6c5d19df91ab6987a8695619b0aa71"
  integrity sha512-eGuFFw7Upda+g4p+QHvnW0RyTX/SVeJBDM/gCtMARO0cLuT2HcEKnTPvhjV6aGeqrCB/sbNop0Kszm0jsaWU4A==

fs-extra@^9.0.1:
  version "9.0.1"
  resolved "https://registry.yarnpkg.com/fs-extra/-/fs-extra-9.0.1.tgz#910da0062437ba4c39fedd863f1675ccfefcb9fc"
  integrity sha512-h2iAoN838FqAFJY2/qVpzFXy+EBxfVE220PalAqQLDVsFOHLJrZvut5puAbCdNv6WJk+B8ihI+k0c7JK5erwqQ==
  dependencies:
    at-least-node "^1.0.0"
    graceful-fs "^4.2.0"
    jsonfile "^6.0.1"
    universalify "^1.0.0"

graceful-fs@^4.1.6, graceful-fs@^4.2.0:
  version "4.2.4"
  resolved "https://registry.yarnpkg.com/graceful-fs/-/graceful-fs-4.2.4.tgz#2256bde14d3632958c465ebc96dc467ca07a29fb"
  integrity sha512-WjKPNJF79dtJAVniUlGGWHYGz2jWxT6VhN/4m1NdkbZ2nOsEF+cI1Edgql5zCRhs/VsQYRvrXctxktVXZUkixw==

js-yaml@^3.14.0:
  version "3.14.0"
  resolved "https://registry.yarnpkg.com/js-yaml/-/js-yaml-3.14.0.tgz#a7a34170f26a21bb162424d8adacb4113a69e482"
  integrity sha512-/4IbIeHcD9VMHFqDR/gQ7EdZdLimOvW2DdcxFjdyyZ9NsbS+ccrXqVWDtab/lRl5AlUqmpBx8EhPaWR+OtY17A==
  dependencies:
    argparse "^1.0.7"
    esprima "^4.0.0"

jsonfile@^6.0.1:
  version "6.1.0"
  resolved "https://registry.yarnpkg.com/jsonfile/-/jsonfile-6.1.0.tgz#bc55b2634793c679ec6403094eb13698a6ec0aae"
  integrity sha512-5dgndWOriYSm5cnYaJNhalLNDKOqFwyDB/rr1E9ZsGciGvKPs8R2xYGCacuf3z6K1YKDz182fd+fY3cn3pMqXQ==
  dependencies:
    universalify "^2.0.0"
  optionalDependencies:
    graceful-fs "^4.1.6"

lazy-val@^1.0.4:
  version "1.0.4"
  resolved "https://registry.yarnpkg.com/lazy-val/-/lazy-val-1.0.4.tgz#882636a7245c2cfe6e0a4e3ba6c5d68a137e5c65"
  integrity sha512-u93kb2fPbIrfzBuLjZE+w+fJbUUMhNDXxNmMfaqNgpfQf1CO5ZSe2LfsnBqVAk7i/2NF48OSoRj+Xe2VT+lE8Q==

lodash.isequal@^4.5.0:
  version "4.5.0"
  resolved "https://registry.yarnpkg.com/lodash.isequal/-/lodash.isequal-4.5.0.tgz#415c4478f2bcc30120c22ce10ed3226f7d3e18e0"
  integrity sha1-QVxEePK8wwEgwizhDtMib30+GOA=

ms@2.1.2:
  version "2.1.2"
  resolved "https://registry.yarnpkg.com/ms/-/ms-2.1.2.tgz#d09d1f357b443f493382a8eb3ccd183872ae6009"
  integrity sha512-sGkPx+VjMtmA6MX27oA4FBFELFCZZ4S4XqeGOXCv68tT+jb3vk/RyaKWP0PTKyWtmLSM0b+adUTEvbs1PEaH2w==

sax@^1.2.4:
  version "1.2.4"
  resolved "https://registry.yarnpkg.com/sax/-/sax-1.2.4.tgz#2816234e2378bddc4e5354fab5caa895df7100d9"
  integrity sha512-NqVDv9TpANUjFm0N8uM5GxL36UgKi9/atZw+x7YFnQ8ckwFGKrl4xX4yWtrey3UJm5nP1kUbnYgLopqWNSRhWw==

semver@^7.3.2:
  version "7.3.2"
  resolved "https://registry.yarnpkg.com/semver/-/semver-7.3.2.tgz#604962b052b81ed0786aae84389ffba70ffd3938"
  integrity sha512-OrOb32TeeambH6UrhtShmF7CRDqhL6/5XpPNp2DuRH6+9QLw/orhp72j87v8Qa1ScDkvrrBNpZcDejAirJmfXQ==

sprintf-js@~1.0.2:
  version "1.0.3"
  resolved "https://registry.yarnpkg.com/sprintf-js/-/sprintf-js-1.0.3.tgz#04e6926f662895354f3dd015203633b857297e2c"
  integrity sha1-BOaSb2YolTVPPdAVIDYzuFcpfiw=

universalify@^1.0.0:
  version "1.0.0"
  resolved "https://registry.yarnpkg.com/universalify/-/universalify-1.0.0.tgz#b61a1da173e8435b2fe3c67d29b9adf8594bd16d"
  integrity sha512-rb6X1W158d7pRQBg5gkR8uPaSfiids68LTJQYOtEUhoJUWBdaQHsuT/EUduxXYxcrt4r5PJ4fuHW1MHT6p0qug==

universalify@^2.0.0:
  version "2.0.0"
  resolved "https://registry.yarnpkg.com/universalify/-/universalify-2.0.0.tgz#75a4984efedc4b08975c5aeb73f530d02df25717"
  integrity sha512-hAZsKq7Yy11Zu1DE0OzWjw7nnLZmJZYTDZZyEFHZdUhV8FkH5MCfoU1XMaxXovpyW5nq5scPqq0ZDP9Zyl04oQ==
